
Microsoft Visual Studio Solution File, Format Version 12.00
# Visual Studio Version 17
VisualStudioVersion = 17.3.32825.248
MinimumVisualStudioVersion = 10.0.40219.1
Project("{9A19103F-16F7-4668-BE54-9A1E7A4F7556}") = "SMStore.WebUI", "SMStore.WebUI\SMStore.WebUI.csproj", "{5BD39D45-0471-4052-9753-F8BCC9EC3FD9}"
EndProject
Project("{9A19103F-16F7-4668-BE54-9A1E7A4F7556}") = "SMStore.Entities", "SMStore.Entities\SMStore.Entities.csproj", "{EDC26983-5324-4654-8873-343D7962F2E1}"
EndProject
Project("{9A19103F-16F7-4668-BE54-9A1E7A4F7556}") = "SMStore.Data", "SMStore.Data\SMStore.Data.csproj", "{87CF7345-9538-4CD6-9048-1F1BB31ADC18}"
EndProject
Project("{FAE04EC0-301F-11D3-BF4B-00C04F79EFBC}") = "SMStore.Service", "SMStore.Service\SMStore.Service.csproj", "{C1AC9242-087D-4BFC-8879-31AA62402B29}"
EndProject
Global
	GlobalSection(SolutionConfigurationPlatforms) = preSolution
		Debug|Any CPU = Debug|Any CPU
		Release|Any CPU = Release|Any CPU
	EndGlobalSection
	GlobalSection(ProjectConfigurationPlatforms) = postSolution
		{5BD39D45-0471-4052-9753-F8BCC9EC3FD9}.Debug|Any CPU.ActiveCfg = Debug|Any CPU
		{5BD39D45-0471-4052-9753-F8BCC9EC3FD9}.Debug|Any CPU.Build.0 = Debug|Any CPU
		{5BD39D45-0471-4052-9753-F8BCC9EC3FD9}.Release|Any CPU.ActiveCfg = Release|Any CPU
		{5BD39D45-0471-4052-9753-F8BCC9EC3FD9}.Release|Any CPU.Build.0 = Release|Any CPU
		{EDC26983-5324-4654-8873-343D7962F2E1}.Debug|Any CPU.ActiveCfg = Debug|Any CPU
		{EDC26983-5324-4654-8873-343D7962F2E1}.Debug|Any CPU.Build.0 = Debug|Any CPU
		{EDC26983-5324-4654-8873-343D7962F2E1}.Release|Any CPU.ActiveCfg = Release|Any CPU
		{EDC26983-5324-4654-8873-343D7962F2E1}.Release|Any CPU.Build.0 = Release|Any CPU
		{87CF7345-9538-4CD6-9048-1F1BB31ADC18}.Debug|Any CPU.ActiveCfg = Debug|Any CPU
		{87CF7345-9538-4CD6-9048-1F1BB31ADC18}.Debug|Any CPU.Build.0 = Debug|Any CPU
		{87CF7345-9538-4CD6-9048-1F1BB31ADC18}.Release|Any CPU.ActiveCfg = Release|Any CPU
		{87CF7345-9538-4CD6-9048-1F1BB31ADC18}.Release|Any CPU.Build.0 = Release|Any CPU
		{C1AC9242-087D-4BFC-8879-31AA62402B29}.Debug|Any CPU.ActiveCfg = Debug|Any CPU
		{C1AC9242-087D-4BFC-8879-31AA62402B29}.Debug|Any CPU.Build.0 = Debug|Any CPU
		{C1AC9242-087D-4BFC-8879-31AA62402B29}.Release|Any CPU.ActiveCfg = Release|Any CPU
		{C1AC9242-087D-4BFC-8879-31AA62402B29}.Release|Any CPU.Build.0 = Release|Any CPU
	EndGlobalSection
	GlobalSection(SolutionProperties) = preSolution
		HideSolutionNode = FALSE
	EndGlobalSection
	GlobalSection(ExtensibilityGlobals) = postSolution
		SolutionGuid = {375E3061-E531-415A-97CA-1C29F41AFDC5}
	EndGlobalSection
EndGlobal
